
Microsoft Visual Studio Solution File, Format Version 12.00
# Visual Studio Version 17
VisualStudioVersion = 17.5.002.0
MinimumVisualStudioVersion = 10.0.40219.1
Project("{9A19103F-16F7-4668-BE54-9A1E7A4F7556}") = "SmartSchool.WebAPI", "SmartSchool.WebAPI\SmartSchool.WebAPI.csproj", "{678E838B-2F4A-4D9A-A1DF-D3126E7097A4}"
EndProject
Global
	GlobalSection(SolutionConfigurationPlatforms) = preSolution
		Debug|Any CPU = Debug|Any CPU
		Release|Any CPU = Release|Any CPU
	EndGlobalSection
	GlobalSection(ProjectConfigurationPlatforms) = postSolution
		{678E838B-2F4A-4D9A-A1DF-D3126E7097A4}.Debug|Any CPU.ActiveCfg = Debug|Any CPU
		{678E838B-2F4A-4D9A-A1DF-D3126E7097A4}.Debug|Any CPU.Build.0 = Debug|Any CPU
		{678E838B-2F4A-4D9A-A1DF-D3126E7097A4}.Release|Any CPU.ActiveCfg = Release|Any CPU
		{678E838B-2F4A-4D9A-A1DF-D3126E7097A4}.Release|Any CPU.Build.0 = Release|Any CPU
	EndGlobalSection
	GlobalSection(SolutionProperties) = preSolution
		HideSolutionNode = FALSE
	EndGlobalSection
	GlobalSection(ExtensibilityGlobals) = postSolution
		SolutionGuid = {F47BEA55-BE12-49E7-808E-ADC77111F469}
	EndGlobalSection
EndGlobal
